// !$*UTF8*$!
{
	archiveVersion = 1;
	classes = {
	};
	objectVersion = 46;
	objects = {

/* Begin PBXBuildFile section */
		22232AF01C23255D00A70E2A /* MarkovKit.h in Headers */ = {isa = PBXBuildFile; fileRef = 22232AEF1C23255D00A70E2A /* MarkovKit.h */; settings = {ATTRIBUTES = (Public, ); }; };
		22232AF71C23255D00A70E2A /* MarkovKit.framework in Frameworks */ = {isa = PBXBuildFile; fileRef = 22232AEC1C23255D00A70E2A /* MarkovKit.framework */; };
		22232AFC1C23255D00A70E2A /* MarkovKitTests.swift in Sources */ = {isa = PBXBuildFile; fileRef = 22232AFB1C23255D00A70E2A /* MarkovKitTests.swift */; };
		22232B081C2325AA00A70E2A /* ProbabilityVector.swift in Sources */ = {isa = PBXBuildFile; fileRef = 22232B071C2325AA00A70E2A /* ProbabilityVector.swift */; };
		22232B091C23296100A70E2A /* ProbabilityVector.swift in Sources */ = {isa = PBXBuildFile; fileRef = 22232B071C2325AA00A70E2A /* ProbabilityVector.swift */; };
		22232B0B1C23375200A70E2A /* ProbabilityMatrix.swift in Sources */ = {isa = PBXBuildFile; fileRef = 22232B0A1C23375200A70E2A /* ProbabilityMatrix.swift */; };
		22232B0D1C2344A700A70E2A /* HiddenMarkovModel.swift in Sources */ = {isa = PBXBuildFile; fileRef = 22232B0C1C2344A700A70E2A /* HiddenMarkovModel.swift */; };
		22232B0F1C2345AA00A70E2A /* MarkovModel.swift in Sources */ = {isa = PBXBuildFile; fileRef = 22232B0E1C2345AA00A70E2A /* MarkovModel.swift */; };
		22232B101C2355F000A70E2A /* HiddenMarkovModel.swift in Sources */ = {isa = PBXBuildFile; fileRef = 22232B0C1C2344A700A70E2A /* HiddenMarkovModel.swift */; };
		22232B111C235E9700A70E2A /* MarkovModel.swift in Sources */ = {isa = PBXBuildFile; fileRef = 22232B0E1C2345AA00A70E2A /* MarkovModel.swift */; };
		22232B121C235E9A00A70E2A /* ProbabilityMatrix.swift in Sources */ = {isa = PBXBuildFile; fileRef = 22232B0A1C23375200A70E2A /* ProbabilityMatrix.swift */; };
/* End PBXBuildFile section */

/* Begin PBXContainerItemProxy section */
		22232AF81C23255D00A70E2A /* PBXContainerItemProxy */ = {
			isa = PBXContainerItemProxy;
			containerPortal = 22232AE31C23255D00A70E2A /* Project object */;
			proxyType = 1;
			remoteGlobalIDString = 22232AEB1C23255D00A70E2A;
			remoteInfo = MarkovKit;
		};
/* End PBXContainerItemProxy section */

/* Begin PBXFileReference section */
		22232AEC1C23255D00A70E2A /* MarkovKit.framework */ = {isa = PBXFileReference; explicitFileType = wrapper.framework; includeInIndex = 0; path = MarkovKit.framework; sourceTree = BUILT_PRODUCTS_DIR; };
		22232AEF1C23255D00A70E2A /* MarkovKit.h */ = {isa = PBXFileReference; lastKnownFileType = sourcecode.c.h; path = MarkovKit.h; sourceTree = "<group>"; };
		22232AF11C23255D00A70E2A /* Info.plist */ = {isa = PBXFileReference; lastKnownFileType = text.plist.xml; path = Info.plist; sourceTree = "<group>"; };
		22232AF61C23255D00A70E2A /* MarkovKitTests.xctest */ = {isa = PBXFileReference; explicitFileType = wrapper.cfbundle; includeInIndex = 0; path = MarkovKitTests.xctest; sourceTree = BUILT_PRODUCTS_DIR; };
		22232AFB1C23255D00A70E2A /* MarkovKitTests.swift */ = {isa = PBXFileReference; lastKnownFileType = sourcecode.swift; path = MarkovKitTests.swift; sourceTree = "<group>"; };
		22232AFD1C23255D00A70E2A /* Info.plist */ = {isa = PBXFileReference; lastKnownFileType = text.plist.xml; path = Info.plist; sourceTree = "<group>"; };
		22232B071C2325AA00A70E2A /* ProbabilityVector.swift */ = {isa = PBXFileReference; fileEncoding = 4; lastKnownFileType = sourcecode.swift; path = ProbabilityVector.swift; sourceTree = "<group>"; };
		22232B0A1C23375200A70E2A /* ProbabilityMatrix.swift */ = {isa = PBXFileReference; fileEncoding = 4; lastKnownFileType = sourcecode.swift; path = ProbabilityMatrix.swift; sourceTree = "<group>"; };
		22232B0C1C2344A700A70E2A /* HiddenMarkovModel.swift */ = {isa = PBXFileReference; fileEncoding = 4; lastKnownFileType = sourcecode.swift; path = HiddenMarkovModel.swift; sourceTree = "<group>"; };
		22232B0E1C2345AA00A70E2A /* MarkovModel.swift */ = {isa = PBXFileReference; fileEncoding = 4; lastKnownFileType = sourcecode.swift; path = MarkovModel.swift; sourceTree = "<group>"; };
/* End PBXFileReference section */

/* Begin PBXFrameworksBuildPhase section */
		22232AE81C23255D00A70E2A /* Frameworks */ = {
			isa = PBXFrameworksBuildPhase;
			buildActionMask = 2147483647;
			files = (
			);
			runOnlyForDeploymentPostprocessing = 0;
		};
		22232AF31C23255D00A70E2A /* Frameworks */ = {
			isa = PBXFrameworksBuildPhase;
			buildActionMask = 2147483647;
			files = (
				22232AF71C23255D00A70E2A /* MarkovKit.framework in Frameworks */,
			);
			runOnlyForDeploymentPostprocessing = 0;
		};
/* End PBXFrameworksBuildPhase section */

/* Begin PBXGroup section */
		22232AE21C23255D00A70E2A = {
			isa = PBXGroup;
			children = (
				22232AEE1C23255D00A70E2A /* MarkovKit */,
				22232AFA1C23255D00A70E2A /* MarkovKitTests */,
				22232AED1C23255D00A70E2A /* Products */,
			);
			sourceTree = "<group>";
		};
		22232AED1C23255D00A70E2A /* Products */ = {
			isa = PBXGroup;
			children = (
				22232AEC1C23255D00A70E2A /* MarkovKit.framework */,
				22232AF61C23255D00A70E2A /* MarkovKitTests.xctest */,
			);
			name = Products;
			sourceTree = "<group>";
		};
		22232AEE1C23255D00A70E2A /* MarkovKit */ = {
			isa = PBXGroup;
			children = (
				22232B061C23259B00A70E2A /* models */,
				22232AEF1C23255D00A70E2A /* MarkovKit.h */,
				22232AF11C23255D00A70E2A /* Info.plist */,
			);
			path = MarkovKit;
			sourceTree = "<group>";
		};
		22232AFA1C23255D00A70E2A /* MarkovKitTests */ = {
			isa = PBXGroup;
			children = (
				22232AFB1C23255D00A70E2A /* MarkovKitTests.swift */,
				22232AFD1C23255D00A70E2A /* Info.plist */,
			);
			path = MarkovKitTests;
			sourceTree = "<group>";
		};
		22232B061C23259B00A70E2A /* models */ = {
			isa = PBXGroup;
			children = (
				22232B071C2325AA00A70E2A /* ProbabilityVector.swift */,
				22232B0A1C23375200A70E2A /* ProbabilityMatrix.swift */,
				22232B0E1C2345AA00A70E2A /* MarkovModel.swift */,
				22232B0C1C2344A700A70E2A /* HiddenMarkovModel.swift */,
			);
			name = models;
			sourceTree = "<group>";
		};
/* End PBXGroup section */

/* Begin PBXHeadersBuildPhase section */
		22232AE91C23255D00A70E2A /* Headers */ = {
			isa = PBXHeadersBuildPhase;
			buildActionMask = 2147483647;
			files = (
				22232AF01C23255D00A70E2A /* MarkovKit.h in Headers */,
			);
			runOnlyForDeploymentPostprocessing = 0;
		};
/* End PBXHeadersBuildPhase section */

/* Begin PBXNativeTarget section */
		22232AEB1C23255D00A70E2A /* MarkovKit */ = {
			isa = PBXNativeTarget;
			buildConfigurationList = 22232B001C23255D00A70E2A /* Build configuration list for PBXNativeTarget "MarkovKit" */;
			buildPhases = (
				22232AE71C23255D00A70E2A /* Sources */,
				22232AE81C23255D00A70E2A /* Frameworks */,
				22232AE91C23255D00A70E2A /* Headers */,
				22232AEA1C23255D00A70E2A /* Resources */,
			);
			buildRules = (
			);
			dependencies = (
			);
			name = MarkovKit;
			productName = MarkovKit;
			productReference = 22232AEC1C23255D00A70E2A /* MarkovKit.framework */;
			productType = "com.apple.product-type.framework";
		};
		22232AF51C23255D00A70E2A /* MarkovKitTests */ = {
			isa = PBXNativeTarget;
			buildConfigurationList = 22232B031C23255D00A70E2A /* Build configuration list for PBXNativeTarget "MarkovKitTests" */;
			buildPhases = (
				22232AF21C23255D00A70E2A /* Sources */,
				22232AF31C23255D00A70E2A /* Frameworks */,
				22232AF41C23255D00A70E2A /* Resources */,
			);
			buildRules = (
			);
			dependencies = (
				22232AF91C23255D00A70E2A /* PBXTargetDependency */,
			);
			name = MarkovKitTests;
			productName = MarkovKitTests;
			productReference = 22232AF61C23255D00A70E2A /* MarkovKitTests.xctest */;
			productType = "com.apple.product-type.bundle.unit-test";
		};
/* End PBXNativeTarget section */

/* Begin PBXProject section */
		22232AE31C23255D00A70E2A /* Project object */ = {
			isa = PBXProject;
			attributes = {
				LastSwiftUpdateCheck = 0720;
				LastUpgradeCheck = 0720;
				ORGANIZATIONNAME = "Sam Williams";
				TargetAttributes = {
					22232AEB1C23255D00A70E2A = {
						CreatedOnToolsVersion = 7.2;
					};
					22232AF51C23255D00A70E2A = {
						CreatedOnToolsVersion = 7.2;
					};
				};
			};
			buildConfigurationList = 22232AE61C23255D00A70E2A /* Build configuration list for PBXProject "MarkovKit" */;
			compatibilityVersion = "Xcode 3.2";
			developmentRegion = English;
			hasScannedForEncodings = 0;
			knownRegions = (
				en,
			);
			mainGroup = 22232AE21C23255D00A70E2A;
			productRefGroup = 22232AED1C23255D00A70E2A /* Products */;
			projectDirPath = "";
			projectRoot = "";
			targets = (
				22232AEB1C23255D00A70E2A /* MarkovKit */,
				22232AF51C23255D00A70E2A /* MarkovKitTests */,
			);
		};
/* End PBXProject section */

/* Begin PBXResourcesBuildPhase section */
		22232AEA1C23255D00A70E2A /* Resources */ = {
			isa = PBXResourcesBuildPhase;
			buildActionMask = 2147483647;
			files = (
			);
			runOnlyForDeploymentPostprocessing = 0;
		};
		22232AF41C23255D00A70E2A /* Resources */ = {
			isa = PBXResourcesBuildPhase;
			buildActionMask = 2147483647;
			files = (
			);
			runOnlyForDeploymentPostprocessing = 0;
		};
/* End PBXResourcesBuildPhase section */

/* Begin PBXSourcesBuildPhase section */
		22232AE71C23255D00A70E2A /* Sources */ = {
			isa = PBXSourcesBuildPhase;
			buildActionMask = 2147483647;
			files = (
				22232B0B1C23375200A70E2A /* ProbabilityMatrix.swift in Sources */,
				22232B0F1C2345AA00A70E2A /* MarkovModel.swift in Sources */,
				22232B081C2325AA00A70E2A /* ProbabilityVector.swift in Sources */,
				22232B0D1C2344A700A70E2A /* HiddenMarkovModel.swift in Sources */,
			);
			runOnlyForDeploymentPostprocessing = 0;
		};
		22232AF21C23255D00A70E2A /* Sources */ = {
			isa = PBXSourcesBuildPhase;
			buildActionMask = 2147483647;
			files = (
				22232B091C23296100A70E2A /* ProbabilityVector.swift in Sources */,
				22232B121C235E9A00A70E2A /* ProbabilityMatrix.swift in Sources */,
				22232B111C235E9700A70E2A /* MarkovModel.swift in Sources */,
				22232AFC1C23255D00A70E2A /* MarkovKitTests.swift in Sources */,
				22232B101C2355F000A70E2A /* HiddenMarkovModel.swift in Sources */,
			);
			runOnlyForDeploymentPostprocessing = 0;
		};
/* End PBXSourcesBuildPhase section */

/* Begin PBXTargetDependency section */
		22232AF91C23255D00A70E2A /* PBXTargetDependency */ = {
			isa = PBXTargetDependency;
			target = 22232AEB1C23255D00A70E2A /* MarkovKit */;
			targetProxy = 22232AF81C23255D00A70E2A /* PBXContainerItemProxy */;
		};
/* End PBXTargetDependency section */

/* Begin XCBuildConfiguration section */
		22232AFE1C23255D00A70E2A /* Debug */ = {
			isa = XCBuildConfiguration;
			buildSettings = {
				ALWAYS_SEARCH_USER_PATHS = NO;
				CLANG_CXX_LANGUAGE_STANDARD = "gnu++0x";
				CLANG_CXX_LIBRARY = "libc++";
				CLANG_ENABLE_MODULES = YES;
				CLANG_ENABLE_OBJC_ARC = YES;
				CLANG_WARN_BOOL_CONVERSION = YES;
				CLANG_WARN_CONSTANT_CONVERSION = YES;
				CLANG_WARN_DIRECT_OBJC_ISA_USAGE = YES_ERROR;
				CLANG_WARN_EMPTY_BODY = YES;
				CLANG_WARN_ENUM_CONVERSION = YES;
				CLANG_WARN_INT_CONVERSION = YES;
				CLANG_WARN_OBJC_ROOT_CLASS = YES_ERROR;
				CLANG_WARN_UNREACHABLE_CODE = YES;
				CLANG_WARN__DUPLICATE_METHOD_MATCH = YES;
				"CODE_SIGN_IDENTITY[sdk=iphoneos*]" = "iPhone Developer";
				COPY_PHASE_STRIP = NO;
				CURRENT_PROJECT_VERSION = 1;
				DEBUG_INFORMATION_FORMAT = dwarf;
				ENABLE_STRICT_OBJC_MSGSEND = YES;
				ENABLE_TESTABILITY = YES;
				GCC_C_LANGUAGE_STANDARD = gnu99;
				GCC_DYNAMIC_NO_PIC = NO;
				GCC_NO_COMMON_BLOCKS = YES;
				GCC_OPTIMIZATION_LEVEL = 0;
				GCC_PREPROCESSOR_DEFINITIONS = (
					"DEBUG=1",
					"$(inherited)",
				);
				GCC_WARN_64_TO_32_BIT_CONVERSION = YES;
				GCC_WARN_ABOUT_RETURN_TYPE = YES_ERROR;
				GCC_WARN_UNDECLARED_SELECTOR = YES;
				GCC_WARN_UNINITIALIZED_AUTOS = YES_AGGRESSIVE;
				GCC_WARN_UNUSED_FUNCTION = YES;
				GCC_WARN_UNUSED_VARIABLE = YES;
				IPHONEOS_DEPLOYMENT_TARGET = 9.2;
				MTL_ENABLE_DEBUG_INFO = YES;
				ONLY_ACTIVE_ARCH = YES;
				SDKROOT = iphoneos;
				SWIFT_OPTIMIZATION_LEVEL = "-Onone";
				TARGETED_DEVICE_FAMILY = "1,2";
				VERSIONING_SYSTEM = "apple-generic";
				VERSION_INFO_PREFIX = "";
			};
			name = Debug;
		};
		22232AFF1C23255D00A70E2A /* Release */ = {
			isa = XCBuildConfiguration;
			buildSettings = {
				ALWAYS_SEARCH_USER_PATHS = NO;
				CLANG_CXX_LANGUAGE_STANDARD = "gnu++0x";
				CLANG_CXX_LIBRARY = "libc++";
				CLANG_ENABLE_MODULES = YES;
				CLANG_ENABLE_OBJC_ARC = YES;
				CLANG_WARN_BOOL_CONVERSION = YES;
				CLANG_WARN_CONSTANT_CONVERSION = YES;
				CLANG_WARN_DIRECT_OBJC_ISA_USAGE = YES_ERROR;
				CLANG_WARN_EMPTY_BODY = YES;
				CLANG_WARN_ENUM_CONVERSION = YES;
				CLANG_WARN_INT_CONVERSION = YES;
				CLANG_WARN_OBJC_ROOT_CLASS = YES_ERROR;
				CLANG_WARN_UNREACHABLE_CODE = YES;
				CLANG_WARN__DUPLICATE_METHOD_MATCH = YES;
				"CODE_SIGN_IDENTITY[sdk=iphoneos*]" = "iPhone Developer";
				COPY_PHASE_STRIP = NO;
				CURRENT_PROJECT_VERSION = 1;
				DEBUG_INFORMATION_FORMAT = "dwarf-with-dsym";
				ENABLE_NS_ASSERTIONS = NO;
				ENABLE_STRICT_OBJC_MSGSEND = YES;
				GCC_C_LANGUAGE_STANDARD = gnu99;
				GCC_NO_COMMON_BLOCKS = YES;
				GCC_WARN_64_TO_32_BIT_CONVERSION = YES;
				GCC_WARN_ABOUT_RETURN_TYPE = YES_ERROR;
				GCC_WARN_UNDECLARED_SELECTOR = YES;
				GCC_WARN_UNINITIALIZED_AUTOS = YES_AGGRESSIVE;
				GCC_WARN_UNUSED_FUNCTION = YES;
				GCC_WARN_UNUSED_VARIABLE = YES;
				IPHONEOS_DEPLOYMENT_TARGET = 9.2;
				MTL_ENABLE_DEBUG_INFO = NO;
				SDKROOT = iphoneos;
				TARGETED_DEVICE_FAMILY = "1,2";
				VALIDATE_PRODUCT = YES;
				VERSIONING_SYSTEM = "apple-generic";
				VERSION_INFO_PREFIX = "";
			};
			name = Release;
		};
		22232B011C23255D00A70E2A /* Debug */ = {
			isa = XCBuildConfiguration;
			buildSettings = {
				CLANG_ENABLE_MODULES = YES;
				DEFINES_MODULE = YES;
				DYLIB_COMPATIBILITY_VERSION = 1;
				DYLIB_CURRENT_VERSION = 1;
				DYLIB_INSTALL_NAME_BASE = "@rpath";
				INFOPLIST_FILE = MarkovKit/Info.plist;
				INSTALL_PATH = "$(LOCAL_LIBRARY_DIR)/Frameworks";
				LD_RUNPATH_SEARCH_PATHS = "$(inherited) @executable_path/Frameworks @loader_path/Frameworks";
				PRODUCT_BUNDLE_IDENTIFIER = samwilliams.MarkovKit;
				PRODUCT_NAME = "$(TARGET_NAME)";
				SKIP_INSTALL = YES;
				SWIFT_OPTIMIZATION_LEVEL = "-Onone";
			};
			name = Debug;
		};
		22232B021C23255D00A70E2A /* Release */ = {
			isa = XCBuildConfiguration;
			buildSettings = {
				CLANG_ENABLE_MODULES = YES;
				DEFINES_MODULE = YES;
				DYLIB_COMPATIBILITY_VERSION = 1;
				DYLIB_CURRENT_VERSION = 1;
				DYLIB_INSTALL_NAME_BASE = "@rpath";
				INFOPLIST_FILE = MarkovKit/Info.plist;
				INSTALL_PATH = "$(LOCAL_LIBRARY_DIR)/Frameworks";
				LD_RUNPATH_SEARCH_PATHS = "$(inherited) @executable_path/Frameworks @loader_path/Frameworks";
				PRODUCT_BUNDLE_IDENTIFIER = samwilliams.MarkovKit;
				PRODUCT_NAME = "$(TARGET_NAME)";
				SKIP_INSTALL = YES;
			};
			name = Release;
		};
		22232B041C23255D00A70E2A /* Debug */ = {
			isa = XCBuildConfiguration;
			buildSettings = {
				INFOPLIST_FILE = MarkovKitTests/Info.plist;
				LD_RUNPATH_SEARCH_PATHS = "$(inherited) @executable_path/Frameworks @loader_path/Frameworks";
				PRODUCT_BUNDLE_IDENTIFIER = samwilliams.MarkovKitTests;
				PRODUCT_NAME = "$(TARGET_NAME)";
			};
			name = Debug;
		};
		22232B051C23255D00A70E2A /* Release */ = {
			isa = XCBuildConfiguration;
			buildSettings = {
				INFOPLIST_FILE = MarkovKitTests/Info.plist;
				LD_RUNPATH_SEARCH_PATHS = "$(inherited) @executable_path/Frameworks @loader_path/Frameworks";
				PRODUCT_BUNDLE_IDENTIFIER = samwilliams.MarkovKitTests;
				PRODUCT_NAME = "$(TARGET_NAME)";
			};
			name = Release;
		};
/* End XCBuildConfiguration section */

/* Begin XCConfigurationList section */
		22232AE61C23255D00A70E2A /* Build configuration list for PBXProject "MarkovKit" */ = {
			isa = XCConfigurationList;
			buildConfigurations = (
				22232AFE1C23255D00A70E2A /* Debug */,
				22232AFF1C23255D00A70E2A /* Release */,
			);
			defaultConfigurationIsVisible = 0;
			defaultConfigurationName = Release;
		};
		22232B001C23255D00A70E2A /* Build configuration list for PBXNativeTarget "MarkovKit" */ = {
			isa = XCConfigurationList;
			buildConfigurations = (
				22232B011C23255D00A70E2A /* Debug */,
				22232B021C23255D00A70E2A /* Release */,
			);
			defaultConfigurationIsVisible = 0;
		};
		22232B031C23255D00A70E2A /* Build configuration list for PBXNativeTarget "MarkovKitTests" */ = {
			isa = XCConfigurationList;
			buildConfigurations = (
				22232B041C23255D00A70E2A /* Debug */,
				22232B051C23255D00A70E2A /* Release */,
			);
			defaultConfigurationIsVisible = 0;
		};
/* End XCConfigurationList section */
	};
	rootObject = 22232AE31C23255D00A70E2A /* Project object */;
}
